// !$*UTF8*$!
{
	archiveVersion = 1;
	classes = {
	};
	objectVersion = 50;
	objects = {

/* Begin PBXBuildFile section */
		17B0B36A2680FE9900157A7C /* TSLApp.swift in Sources */ = {isa = PBXBuildFile; fileRef = 17B0B3692680FE9900157A7C /* TSLApp.swift */; };
		17B0B36C2680FE9900157A7C /* ContentView.swift in Sources */ = {isa = PBXBuildFile; fileRef = 17B0B36B2680FE9900157A7C /* ContentView.swift */; };
		17B0B36E2680FE9C00157A7C /* Assets.xcassets in Resources */ = {isa = PBXBuildFile; fileRef = 17B0B36D2680FE9C00157A7C /* Assets.xcassets */; };
		17B0B3712680FE9C00157A7C /* Preview Assets.xcassets in Resources */ = {isa = PBXBuildFile; fileRef = 17B0B3702680FE9C00157A7C /* Preview Assets.xcassets */; };
		17B0B3792680FECA00157A7C /* RegisterView.swift in Sources */ = {isa = PBXBuildFile; fileRef = 17B0B3782680FECA00157A7C /* RegisterView.swift */; };
		17B0B37D2681029F00157A7C /* RegistrationViewModel.swift in Sources */ = {isa = PBXBuildFile; fileRef = 17B0B37C2681029F00157A7C /* RegistrationViewModel.swift */; };
		17D4E46D2683409700213F1A /* APIEndPoint.swift in Sources */ = {isa = PBXBuildFile; fileRef = 17D4E46C2683409700213F1A /* APIEndPoint.swift */; };
		17D4E46F2683417B00213F1A /* LoginEndPoint.swift in Sources */ = {isa = PBXBuildFile; fileRef = 17D4E46E2683417B00213F1A /* LoginEndPoint.swift */; };
		17D4E471268343AF00213F1A /* APIErrors.swift in Sources */ = {isa = PBXBuildFile; fileRef = 17D4E470268343AF00213F1A /* APIErrors.swift */; };
		17D4E4732683440D00213F1A /* APIProviderErrors.swift in Sources */ = {isa = PBXBuildFile; fileRef = 17D4E4722683440D00213F1A /* APIProviderErrors.swift */; };
		17D4E47526834A3200213F1A /* APIProvider.swift in Sources */ = {isa = PBXBuildFile; fileRef = 17D4E47426834A3200213F1A /* APIProvider.swift */; };
		17D4E4782683544200213F1A /* Registration.swift in Sources */ = {isa = PBXBuildFile; fileRef = 17D4E4772683544200213F1A /* Registration.swift */; };
		17D4E47A2683658300213F1A /* MessageEndPoint.swift in Sources */ = {isa = PBXBuildFile; fileRef = 17D4E4792683658300213F1A /* MessageEndPoint.swift */; };
		17D4E47C2683678300213F1A /* APIToken.swift in Sources */ = {isa = PBXBuildFile; fileRef = 17D4E47B2683678300213F1A /* APIToken.swift */; };
		17D4E47E26836DAB00213F1A /* MessageView.swift in Sources */ = {isa = PBXBuildFile; fileRef = 17D4E47D26836DAB00213F1A /* MessageView.swift */; };
		17D4E4802683710500213F1A /* MessageListView.swift in Sources */ = {isa = PBXBuildFile; fileRef = 17D4E47F2683710500213F1A /* MessageListView.swift */; };
		17D4E4822683735D00213F1A /* Message.swift in Sources */ = {isa = PBXBuildFile; fileRef = 17D4E4812683735D00213F1A /* Message.swift */; };
		17D4E4842683755E00213F1A /* TextView.swift in Sources */ = {isa = PBXBuildFile; fileRef = 17D4E4832683755E00213F1A /* TextView.swift */; };
		17D4E486268384DF00213F1A /* MessageListViewModel.swift in Sources */ = {isa = PBXBuildFile; fileRef = 17D4E485268384DF00213F1A /* MessageListViewModel.swift */; };
/* End PBXBuildFile section */

/* Begin PBXFileReference section */
		17B0B3662680FE9900157A7C /* TSL.app */ = {isa = PBXFileReference; explicitFileType = wrapper.application; includeInIndex = 0; path = TSL.app; sourceTree = BUILT_PRODUCTS_DIR; };
		17B0B3692680FE9900157A7C /* TSLApp.swift */ = {isa = PBXFileReference; lastKnownFileType = sourcecode.swift; path = TSLApp.swift; sourceTree = "<group>"; };
		17B0B36B2680FE9900157A7C /* ContentView.swift */ = {isa = PBXFileReference; lastKnownFileType = sourcecode.swift; path = ContentView.swift; sourceTree = "<group>"; };
		17B0B36D2680FE9C00157A7C /* Assets.xcassets */ = {isa = PBXFileReference; lastKnownFileType = folder.assetcatalog; path = Assets.xcassets; sourceTree = "<group>"; };
		17B0B3702680FE9C00157A7C /* Preview Assets.xcassets */ = {isa = PBXFileReference; lastKnownFileType = folder.assetcatalog; path = "Preview Assets.xcassets"; sourceTree = "<group>"; };
		17B0B3722680FE9C00157A7C /* Info.plist */ = {isa = PBXFileReference; lastKnownFileType = text.plist.xml; path = Info.plist; sourceTree = "<group>"; };
		17B0B3782680FECA00157A7C /* RegisterView.swift */ = {isa = PBXFileReference; lastKnownFileType = sourcecode.swift; path = RegisterView.swift; sourceTree = "<group>"; };
		17B0B37C2681029F00157A7C /* RegistrationViewModel.swift */ = {isa = PBXFileReference; lastKnownFileType = sourcecode.swift; path = RegistrationViewModel.swift; sourceTree = "<group>"; };
		17D4E46C2683409700213F1A /* APIEndPoint.swift */ = {isa = PBXFileReference; lastKnownFileType = sourcecode.swift; path = APIEndPoint.swift; sourceTree = "<group>"; };
		17D4E46E2683417B00213F1A /* LoginEndPoint.swift */ = {isa = PBXFileReference; lastKnownFileType = sourcecode.swift; path = LoginEndPoint.swift; sourceTree = "<group>"; };
		17D4E470268343AF00213F1A /* APIErrors.swift */ = {isa = PBXFileReference; lastKnownFileType = sourcecode.swift; path = APIErrors.swift; sourceTree = "<group>"; };
		17D4E4722683440D00213F1A /* APIProviderErrors.swift */ = {isa = PBXFileReference; lastKnownFileType = sourcecode.swift; path = APIProviderErrors.swift; sourceTree = "<group>"; };
		17D4E47426834A3200213F1A /* APIProvider.swift */ = {isa = PBXFileReference; lastKnownFileType = sourcecode.swift; path = APIProvider.swift; sourceTree = "<group>"; };
		17D4E4772683544200213F1A /* Registration.swift */ = {isa = PBXFileReference; lastKnownFileType = sourcecode.swift; path = Registration.swift; sourceTree = "<group>"; };
		17D4E4792683658300213F1A /* MessageEndPoint.swift */ = {isa = PBXFileReference; lastKnownFileType = sourcecode.swift; path = MessageEndPoint.swift; sourceTree = "<group>"; };
		17D4E47B2683678300213F1A /* APIToken.swift */ = {isa = PBXFileReference; lastKnownFileType = sourcecode.swift; path = APIToken.swift; sourceTree = "<group>"; };
		17D4E47D26836DAB00213F1A /* MessageView.swift */ = {isa = PBXFileReference; lastKnownFileType = sourcecode.swift; path = MessageView.swift; sourceTree = "<group>"; };
		17D4E47F2683710500213F1A /* MessageListView.swift */ = {isa = PBXFileReference; lastKnownFileType = sourcecode.swift; path = MessageListView.swift; sourceTree = "<group>"; };
		17D4E4812683735D00213F1A /* Message.swift */ = {isa = PBXFileReference; lastKnownFileType = sourcecode.swift; path = Message.swift; sourceTree = "<group>"; };
		17D4E4832683755E00213F1A /* TextView.swift */ = {isa = PBXFileReference; lastKnownFileType = sourcecode.swift; path = TextView.swift; sourceTree = "<group>"; };
		17D4E485268384DF00213F1A /* MessageListViewModel.swift */ = {isa = PBXFileReference; lastKnownFileType = sourcecode.swift; path = MessageListViewModel.swift; sourceTree = "<group>"; };
/* End PBXFileReference section */

/* Begin PBXFrameworksBuildPhase section */
		17B0B3632680FE9900157A7C /* Frameworks */ = {
			isa = PBXFrameworksBuildPhase;
			buildActionMask = 2147483647;
			files = (
			);
			runOnlyForDeploymentPostprocessing = 0;
		};
/* End PBXFrameworksBuildPhase section */

/* Begin PBXGroup section */
		17B0B35D2680FE9900157A7C = {
			isa = PBXGroup;
			children = (
				17B0B3682680FE9900157A7C /* TSL */,
				17B0B3672680FE9900157A7C /* Products */,
			);
			sourceTree = "<group>";
		};
		17B0B3672680FE9900157A7C /* Products */ = {
			isa = PBXGroup;
			children = (
				17B0B3662680FE9900157A7C /* TSL.app */,
			);
			name = Products;
			sourceTree = "<group>";
		};
		17B0B3682680FE9900157A7C /* TSL */ = {
			isa = PBXGroup;
			children = (
				17D4E4762683542400213F1A /* Model */,
				17D4E46B2683408000213F1A /* Service */,
				17B0B37B2681028500157A7C /* ViewModel */,
				17B0B37A2681027D00157A7C /* View */,
				17B0B3692680FE9900157A7C /* TSLApp.swift */,
				17B0B36D2680FE9C00157A7C /* Assets.xcassets */,
				17B0B3722680FE9C00157A7C /* Info.plist */,
				17B0B36F2680FE9C00157A7C /* Preview Content */,
			);
			path = TSL;
			sourceTree = "<group>";
		};
		17B0B36F2680FE9C00157A7C /* Preview Content */ = {
			isa = PBXGroup;
			children = (
				17B0B3702680FE9C00157A7C /* Preview Assets.xcassets */,
			);
			path = "Preview Content";
			sourceTree = "<group>";
		};
		17B0B37A2681027D00157A7C /* View */ = {
			isa = PBXGroup;
			children = (
				17B0B3782680FECA00157A7C /* RegisterView.swift */,
				17D4E47D26836DAB00213F1A /* MessageView.swift */,
				17D4E47F2683710500213F1A /* MessageListView.swift */,
				17B0B36B2680FE9900157A7C /* ContentView.swift */,
				17D4E4832683755E00213F1A /* TextView.swift */,
			);
			path = View;
			sourceTree = "<group>";
		};
		17B0B37B2681028500157A7C /* ViewModel */ = {
			isa = PBXGroup;
			children = (
				17B0B37C2681029F00157A7C /* RegistrationViewModel.swift */,
				17D4E485268384DF00213F1A /* MessageListViewModel.swift */,
			);
			path = ViewModel;
			sourceTree = "<group>";
		};
		17D4E46B2683408000213F1A /* Service */ = {
			isa = PBXGroup;
			children = (
				17D4E46C2683409700213F1A /* APIEndPoint.swift */,
				17D4E46E2683417B00213F1A /* LoginEndPoint.swift */,
				17D4E4792683658300213F1A /* MessageEndPoint.swift */,
				17D4E470268343AF00213F1A /* APIErrors.swift */,
				17D4E4722683440D00213F1A /* APIProviderErrors.swift */,
				17D4E47426834A3200213F1A /* APIProvider.swift */,
			);
			path = Service;
			sourceTree = "<group>";
		};
		17D4E4762683542400213F1A /* Model */ = {
			isa = PBXGroup;
			children = (
				17D4E4772683544200213F1A /* Registration.swift */,
				17D4E47B2683678300213F1A /* APIToken.swift */,
				17D4E4812683735D00213F1A /* Message.swift */,
			);
			path = Model;
			sourceTree = "<group>";
		};
/* End PBXGroup section */

/* Begin PBXNativeTarget section */
		17B0B3652680FE9900157A7C /* TSL */ = {
			isa = PBXNativeTarget;
			buildConfigurationList = 17B0B3752680FE9C00157A7C /* Build configuration list for PBXNativeTarget "TSL" */;
			buildPhases = (
				17B0B3622680FE9900157A7C /* Sources */,
				17B0B3632680FE9900157A7C /* Frameworks */,
				17B0B3642680FE9900157A7C /* Resources */,
			);
			buildRules = (
			);
			dependencies = (
			);
			name = TSL;
			productName = TSL;
			productReference = 17B0B3662680FE9900157A7C /* TSL.app */;
			productType = "com.apple.product-type.application";
		};
/* End PBXNativeTarget section */

/* Begin PBXProject section */
		17B0B35E2680FE9900157A7C /* Project object */ = {
			isa = PBXProject;
			attributes = {
				LastSwiftUpdateCheck = 1250;
				LastUpgradeCheck = 1250;
				TargetAttributes = {
					17B0B3652680FE9900157A7C = {
						CreatedOnToolsVersion = 12.5;
					};
				};
			};
			buildConfigurationList = 17B0B3612680FE9900157A7C /* Build configuration list for PBXProject "TSL" */;
			compatibilityVersion = "Xcode 9.3";
			developmentRegion = en;
			hasScannedForEncodings = 0;
			knownRegions = (
				en,
				Base,
			);
			mainGroup = 17B0B35D2680FE9900157A7C;
			productRefGroup = 17B0B3672680FE9900157A7C /* Products */;
			projectDirPath = "";
			projectRoot = "";
			targets = (
				17B0B3652680FE9900157A7C /* TSL */,
			);
		};
/* End PBXProject section */

/* Begin PBXResourcesBuildPhase section */
		17B0B3642680FE9900157A7C /* Resources */ = {
			isa = PBXResourcesBuildPhase;
			buildActionMask = 2147483647;
			files = (
				17B0B3712680FE9C00157A7C /* Preview Assets.xcassets in Resources */,
				17B0B36E2680FE9C00157A7C /* Assets.xcassets in Resources */,
			);
			runOnlyForDeploymentPostprocessing = 0;
		};
/* End PBXResourcesBuildPhase section */

/* Begin PBXSourcesBuildPhase section */
		17B0B3622680FE9900157A7C /* Sources */ = {
			isa = PBXSourcesBuildPhase;
			buildActionMask = 2147483647;
			files = (
				17D4E46F2683417B00213F1A /* LoginEndPoint.swift in Sources */,
				17D4E471268343AF00213F1A /* APIErrors.swift in Sources */,
				17D4E46D2683409700213F1A /* APIEndPoint.swift in Sources */,
				17B0B3792680FECA00157A7C /* RegisterView.swift in Sources */,
				17D4E47C2683678300213F1A /* APIToken.swift in Sources */,
				17D4E47E26836DAB00213F1A /* MessageView.swift in Sources */,
				17D4E4732683440D00213F1A /* APIProviderErrors.swift in Sources */,
				17B0B37D2681029F00157A7C /* RegistrationViewModel.swift in Sources */,
				17D4E4802683710500213F1A /* MessageListView.swift in Sources */,
				17D4E4842683755E00213F1A /* TextView.swift in Sources */,
				17B0B36C2680FE9900157A7C /* ContentView.swift in Sources */,
				17B0B36A2680FE9900157A7C /* TSLApp.swift in Sources */,
				17D4E4782683544200213F1A /* Registration.swift in Sources */,
				17D4E486268384DF00213F1A /* MessageListViewModel.swift in Sources */,
				17D4E4822683735D00213F1A /* Message.swift in Sources */,
				17D4E47526834A3200213F1A /* APIProvider.swift in Sources */,
				17D4E47A2683658300213F1A /* MessageEndPoint.swift in Sources */,
			);
			runOnlyForDeploymentPostprocessing = 0;
		};
/* End PBXSourcesBuildPhase section */

/* Begin XCBuildConfiguration section */
		17B0B3732680FE9C00157A7C /* Debug */ = {
			isa = XCBuildConfiguration;
			buildSettings = {
				ALWAYS_SEARCH_USER_PATHS = NO;
				CLANG_ANALYZER_NONNULL = YES;
				CLANG_ANALYZER_NUMBER_OBJECT_CONVERSION = YES_AGGRESSIVE;
				CLANG_CXX_LANGUAGE_STANDARD = "gnu++14";
				CLANG_CXX_LIBRARY = "libc++";
				CLANG_ENABLE_MODULES = YES;
				CLANG_ENABLE_OBJC_ARC = YES;
				CLANG_ENABLE_OBJC_WEAK = YES;
				CLANG_WARN_BLOCK_CAPTURE_AUTORELEASING = YES;
				CLANG_WARN_BOOL_CONVERSION = YES;
				CLANG_WARN_COMMA = YES;
				CLANG_WARN_CONSTANT_CONVERSION = YES;
				CLANG_WARN_DEPRECATED_OBJC_IMPLEMENTATIONS = YES;
				CLANG_WARN_DIRECT_OBJC_ISA_USAGE = YES_ERROR;
				CLANG_WARN_DOCUMENTATION_COMMENTS = YES;
				CLANG_WARN_EMPTY_BODY = YES;
				CLANG_WARN_ENUM_CONVERSION = YES;
				CLANG_WARN_INFINITE_RECURSION = YES;
				CLANG_WARN_INT_CONVERSION = YES;
				CLANG_WARN_NON_LITERAL_NULL_CONVERSION = YES;
				CLANG_WARN_OBJC_IMPLICIT_RETAIN_SELF = YES;
				CLANG_WARN_OBJC_LITERAL_CONVERSION = YES;
				CLANG_WARN_OBJC_ROOT_CLASS = YES_ERROR;
				CLANG_WARN_QUOTED_INCLUDE_IN_FRAMEWORK_HEADER = YES;
				CLANG_WARN_RANGE_LOOP_ANALYSIS = YES;
				CLANG_WARN_STRICT_PROTOTYPES = YES;
				CLANG_WARN_SUSPICIOUS_MOVE = YES;
				CLANG_WARN_UNGUARDED_AVAILABILITY = YES_AGGRESSIVE;
				CLANG_WARN_UNREACHABLE_CODE = YES;
				CLANG_WARN__DUPLICATE_METHOD_MATCH = YES;
				COPY_PHASE_STRIP = NO;
				DEBUG_INFORMATION_FORMAT = dwarf;
				ENABLE_STRICT_OBJC_MSGSEND = YES;
				ENABLE_TESTABILITY = YES;
				GCC_C_LANGUAGE_STANDARD = gnu11;
				GCC_DYNAMIC_NO_PIC = NO;
				GCC_NO_COMMON_BLOCKS = YES;
				GCC_OPTIMIZATION_LEVEL = 0;
				GCC_PREPROCESSOR_DEFINITIONS = (
					"DEBUG=1",
					"$(inherited)",
				);
				GCC_WARN_64_TO_32_BIT_CONVERSION = YES;
				GCC_WARN_ABOUT_RETURN_TYPE = YES_ERROR;
				GCC_WARN_UNDECLARED_SELECTOR = YES;
				GCC_WARN_UNINITIALIZED_AUTOS = YES_AGGRESSIVE;
				GCC_WARN_UNUSED_FUNCTION = YES;
				GCC_WARN_UNUSED_VARIABLE = YES;
				IPHONEOS_DEPLOYMENT_TARGET = 14.5;
				MTL_ENABLE_DEBUG_INFO = INCLUDE_SOURCE;
				MTL_FAST_MATH = YES;
				ONLY_ACTIVE_ARCH = YES;
				SDKROOT = iphoneos;
				SWIFT_ACTIVE_COMPILATION_CONDITIONS = DEBUG;
				SWIFT_OPTIMIZATION_LEVEL = "-Onone";
			};
			name = Debug;
		};
		17B0B3742680FE9C00157A7C /* Release */ = {
			isa = XCBuildConfiguration;
			buildSettings = {
				ALWAYS_SEARCH_USER_PATHS = NO;
				CLANG_ANALYZER_NONNULL = YES;
				CLANG_ANALYZER_NUMBER_OBJECT_CONVERSION = YES_AGGRESSIVE;
				CLANG_CXX_LANGUAGE_STANDARD = "gnu++14";
				CLANG_CXX_LIBRARY = "libc++";
				CLANG_ENABLE_MODULES = YES;
				CLANG_ENABLE_OBJC_ARC = YES;
				CLANG_ENABLE_OBJC_WEAK = YES;
				CLANG_WARN_BLOCK_CAPTURE_AUTORELEASING = YES;
				CLANG_WARN_BOOL_CONVERSION = YES;
				CLANG_WARN_COMMA = YES;
				CLANG_WARN_CONSTANT_CONVERSION = YES;
				CLANG_WARN_DEPRECATED_OBJC_IMPLEMENTATIONS = YES;
				CLANG_WARN_DIRECT_OBJC_ISA_USAGE = YES_ERROR;
				CLANG_WARN_DOCUMENTATION_COMMENTS = YES;
				CLANG_WARN_EMPTY_BODY = YES;
				CLANG_WARN_ENUM_CONVERSION = YES;
				CLANG_WARN_INFINITE_RECURSION = YES;
				CLANG_WARN_INT_CONVERSION = YES;
				CLANG_WARN_NON_LITERAL_NULL_CONVERSION = YES;
				CLANG_WARN_OBJC_IMPLICIT_RETAIN_SELF = YES;
				CLANG_WARN_OBJC_LITERAL_CONVERSION = YES;
				CLANG_WARN_OBJC_ROOT_CLASS = YES_ERROR;
				CLANG_WARN_QUOTED_INCLUDE_IN_FRAMEWORK_HEADER = YES;
				CLANG_WARN_RANGE_LOOP_ANALYSIS = YES;
				CLANG_WARN_STRICT_PROTOTYPES = YES;
				CLANG_WARN_SUSPICIOUS_MOVE = YES;
				CLANG_WARN_UNGUARDED_AVAILABILITY = YES_AGGRESSIVE;
				CLANG_WARN_UNREACHABLE_CODE = YES;
				CLANG_WARN__DUPLICATE_METHOD_MATCH = YES;
				COPY_PHASE_STRIP = NO;
				DEBUG_INFORMATION_FORMAT = "dwarf-with-dsym";
				ENABLE_NS_ASSERTIONS = NO;
				ENABLE_STRICT_OBJC_MSGSEND = YES;
				GCC_C_LANGUAGE_STANDARD = gnu11;
				GCC_NO_COMMON_BLOCKS = YES;
				GCC_WARN_64_TO_32_BIT_CONVERSION = YES;
				GCC_WARN_ABOUT_RETURN_TYPE = YES_ERROR;
				GCC_WARN_UNDECLARED_SELECTOR = YES;
				GCC_WARN_UNINITIALIZED_AUTOS = YES_AGGRESSIVE;
				GCC_WARN_UNUSED_FUNCTION = YES;
				GCC_WARN_UNUSED_VARIABLE = YES;
				IPHONEOS_DEPLOYMENT_TARGET = 14.5;
				MTL_ENABLE_DEBUG_INFO = NO;
				MTL_FAST_MATH = YES;
				SDKROOT = iphoneos;
				SWIFT_COMPILATION_MODE = wholemodule;
				SWIFT_OPTIMIZATION_LEVEL = "-O";
				VALIDATE_PRODUCT = YES;
			};
			name = Release;
		};
		17B0B3762680FE9C00157A7C /* Debug */ = {
			isa = XCBuildConfiguration;
			buildSettings = {
				ASSETCATALOG_COMPILER_APPICON_NAME = AppIcon;
				ASSETCATALOG_COMPILER_GLOBAL_ACCENT_COLOR_NAME = AccentColor;
				CODE_SIGN_STYLE = Automatic;
				DEVELOPMENT_ASSET_PATHS = "\"TSL/Preview Content\"";
				DEVELOPMENT_TEAM = A472P7J2T6;
				ENABLE_PREVIEWS = YES;
				INFOPLIST_FILE = TSL/Info.plist;
				IPHONEOS_DEPLOYMENT_TARGET = 14.0;
				LD_RUNPATH_SEARCH_PATHS = (
					"$(inherited)",
					"@executable_path/Frameworks",
				);
				PRODUCT_BUNDLE_IDENTIFIER = com.habib.TSL;
				PRODUCT_NAME = "$(TARGET_NAME)";
				SWIFT_VERSION = 5.0;
				TARGETED_DEVICE_FAMILY = "1,2";
			};
			name = Debug;
		};
		17B0B3772680FE9C00157A7C /* Release */ = {
			isa = XCBuildConfiguration;
			buildSettings = {
				ASSETCATALOG_COMPILER_APPICON_NAME = AppIcon;
				ASSETCATALOG_COMPILER_GLOBAL_ACCENT_COLOR_NAME = AccentColor;
				CODE_SIGN_STYLE = Automatic;
				DEVELOPMENT_ASSET_PATHS = "\"TSL/Preview Content\"";
				DEVELOPMENT_TEAM = A472P7J2T6;
				ENABLE_PREVIEWS = YES;
				INFOPLIST_FILE = TSL/Info.plist;
				IPHONEOS_DEPLOYMENT_TARGET = 14.0;
				LD_RUNPATH_SEARCH_PATHS = (
					"$(inherited)",
					"@executable_path/Frameworks",
				);
				PRODUCT_BUNDLE_IDENTIFIER = com.habib.TSL;
				PRODUCT_NAME = "$(TARGET_NAME)";
				SWIFT_VERSION = 5.0;
				TARGETED_DEVICE_FAMILY = "1,2";
			};
			name = Release;
		};
/* End XCBuildConfiguration section */

/* Begin XCConfigurationList section */
		17B0B3612680FE9900157A7C /* Build configuration list for PBXProject "TSL" */ = {
			isa = XCConfigurationList;
			buildConfigurations = (
				17B0B3732680FE9C00157A7C /* Debug */,
				17B0B3742680FE9C00157A7C /* Release */,
			);
			defaultConfigurationIsVisible = 0;
			defaultConfigurationName = Release;
		};
		17B0B3752680FE9C00157A7C /* Build configuration list for PBXNativeTarget "TSL" */ = {
			isa = XCConfigurationList;
			buildConfigurations = (
				17B0B3762680FE9C00157A7C /* Debug */,
				17B0B3772680FE9C00157A7C /* Release */,
			);
			defaultConfigurationIsVisible = 0;
			defaultConfigurationName = Release;
		};
/* End XCConfigurationList section */
	};
	rootObject = 17B0B35E2680FE9900157A7C /* Project object */;
}
